
Microsoft Visual Studio Solution File, Format Version 11.00
# Visual Studio 2010
Project("{B1E792BE-AA5F-4E3C-8C82-674BF9C0715B}") = "TcSocketHelper_MultiServerString", "TcSocketHelper_MultiServerString\TcSocketHelper_MultiServerString.tsproj", "{B9CAA789-5432-42A8-B94E-F263834E5CDA}"
EndProject
Project("{2150E333-8FDC-42A3-9474-1A3956D46DE8}") = "Solution Items", "Solution Items", "{2B0E7D74-7D65-46E9-8278-23F537D53652}"
	ProjectSection(SolutionItems) = preProject
		TcSocketHelper_MultiServerString\TcSocketHelper_MultiServerString.tpzip = TcSocketHelper_MultiServerString\TcSocketHelper_MultiServerString.tpzip
	EndProjectSection
EndProject
Global
	GlobalSection(TeamFoundationVersionControl) = preSolution
		SccNumberOfProjects = 3
		SccEnterpriseProvider = {4CA58AB2-18FA-4F8D-95D4-32DDF27D184C}
		SccTeamFoundationServer = http://nt-teamfd01:8080/
		SccLocalPath0 = .
		SccProjectUniqueName1 = TcSocketHelper_MultiServerString\\TcSocketHelper_MultiServerString.tsproj
		SccProjectName1 = TcSocketHelper_MultiServerString
		SccLocalPath1 = TcSocketHelper_MultiServerString
		SccProjectUniqueName2 = TcSocketHelper_MultiServerString\\TcSocketHelper_MultiServerString\\TcSocketHelper_MultiServerString.plcproj
		SccProjectTopLevelParentUniqueName2 = TcSocketHelper_MultiServerString\\TcSocketHelper_MultiServerString.tsproj
		SccProjectName2 = TcSocketHelper_MultiServerString/TcSocketHelper_MultiServerString
		SccLocalPath2 = TcSocketHelper_MultiServerString\\TcSocketHelper_MultiServerString
	EndGlobalSection
	GlobalSection(SolutionConfigurationPlatforms) = preSolution
		Debug|TwinCAT CE7 (ARMV7) = Debug|TwinCAT CE7 (ARMV7)
		Debug|TwinCAT RT (x64) = Debug|TwinCAT RT (x64)
		Debug|TwinCAT RT (x86) = Debug|TwinCAT RT (x86)
		Release|TwinCAT CE7 (ARMV7) = Release|TwinCAT CE7 (ARMV7)
		Release|TwinCAT RT (x64) = Release|TwinCAT RT (x64)
		Release|TwinCAT RT (x86) = Release|TwinCAT RT (x86)
	EndGlobalSection
	GlobalSection(ProjectConfigurationPlatforms) = postSolution
		{B9CAA789-5432-42A8-B94E-F263834E5CDA}.Debug|TwinCAT CE7 (ARMV7).ActiveCfg = Debug|TwinCAT CE7 (ARMV7)
		{B9CAA789-5432-42A8-B94E-F263834E5CDA}.Debug|TwinCAT RT (x64).ActiveCfg = Debug|TwinCAT RT (x64)
		{B9CAA789-5432-42A8-B94E-F263834E5CDA}.Debug|TwinCAT RT (x86).ActiveCfg = Debug|TwinCAT RT (x86)
		{B9CAA789-5432-42A8-B94E-F263834E5CDA}.Release|TwinCAT CE7 (ARMV7).ActiveCfg = Release|TwinCAT CE7 (ARMV7)
		{B9CAA789-5432-42A8-B94E-F263834E5CDA}.Release|TwinCAT RT (x64).ActiveCfg = Release|TwinCAT RT (x64)
		{B9CAA789-5432-42A8-B94E-F263834E5CDA}.Release|TwinCAT RT (x86).ActiveCfg = Release|TwinCAT RT (x86)
		{D5C8E468-A35B-45C1-8F67-6FCAF217F977}.Debug|TwinCAT CE7 (ARMV7).ActiveCfg = Debug|TwinCAT CE7 (ARMV7)
		{D5C8E468-A35B-45C1-8F67-6FCAF217F977}.Debug|TwinCAT CE7 (ARMV7).Build.0 = Debug|TwinCAT CE7 (ARMV7)
		{D5C8E468-A35B-45C1-8F67-6FCAF217F977}.Debug|TwinCAT RT (x64).ActiveCfg = Debug|TwinCAT RT (x64)
		{D5C8E468-A35B-45C1-8F67-6FCAF217F977}.Debug|TwinCAT RT (x64).Build.0 = Debug|TwinCAT RT (x64)
		{D5C8E468-A35B-45C1-8F67-6FCAF217F977}.Debug|TwinCAT RT (x86).ActiveCfg = Debug|TwinCAT RT (x86)
		{D5C8E468-A35B-45C1-8F67-6FCAF217F977}.Debug|TwinCAT RT (x86).Build.0 = Debug|TwinCAT RT (x86)
		{D5C8E468-A35B-45C1-8F67-6FCAF217F977}.Release|TwinCAT CE7 (ARMV7).ActiveCfg = Release|TwinCAT CE7 (ARMV7)
		{D5C8E468-A35B-45C1-8F67-6FCAF217F977}.Release|TwinCAT CE7 (ARMV7).Build.0 = Release|TwinCAT CE7 (ARMV7)
		{D5C8E468-A35B-45C1-8F67-6FCAF217F977}.Release|TwinCAT RT (x64).ActiveCfg = Release|TwinCAT RT (x64)
		{D5C8E468-A35B-45C1-8F67-6FCAF217F977}.Release|TwinCAT RT (x64).Build.0 = Release|TwinCAT RT (x64)
		{D5C8E468-A35B-45C1-8F67-6FCAF217F977}.Release|TwinCAT RT (x86).ActiveCfg = Release|TwinCAT RT (x86)
		{D5C8E468-A35B-45C1-8F67-6FCAF217F977}.Release|TwinCAT RT (x86).Build.0 = Release|TwinCAT RT (x86)
	EndGlobalSection
	GlobalSection(SolutionProperties) = preSolution
		HideSolutionNode = FALSE
	EndGlobalSection
EndGlobal
