
Microsoft Visual Studio Solution File, Format Version 12.00
# Visual Studio Version 16
VisualStudioVersion = 16.0.32413.511
MinimumVisualStudioVersion = 10.0.40219.1
Project("{B1E792BE-AA5F-4E3C-8C82-674BF9C0715B}") = "TcSocketHelper_SingleClientBinary", "TcSocketHelper_SingleClientBinary\TcSocketHelper_SingleClientBinary.tsproj", "{EB2B7363-BA27-4DF0-A1BF-6D68626C2DC6}"
EndProject
Global
	GlobalSection(SolutionConfigurationPlatforms) = preSolution
		Debug|TwinCAT CE7 (ARMV7) = Debug|TwinCAT CE7 (ARMV7)
		Debug|TwinCAT RT (x64) = Debug|TwinCAT RT (x64)
		Debug|TwinCAT RT (x86) = Debug|TwinCAT RT (x86)
		Release|TwinCAT CE7 (ARMV7) = Release|TwinCAT CE7 (ARMV7)
		Release|TwinCAT RT (x64) = Release|TwinCAT RT (x64)
		Release|TwinCAT RT (x86) = Release|TwinCAT RT (x86)
	EndGlobalSection
	GlobalSection(ProjectConfigurationPlatforms) = postSolution
		{EB2B7363-BA27-4DF0-A1BF-6D68626C2DC6}.Debug|TwinCAT CE7 (ARMV7).ActiveCfg = Debug|TwinCAT CE7 (ARMV7)
		{EB2B7363-BA27-4DF0-A1BF-6D68626C2DC6}.Debug|TwinCAT RT (x64).ActiveCfg = Debug|TwinCAT RT (x64)
		{EB2B7363-BA27-4DF0-A1BF-6D68626C2DC6}.Debug|TwinCAT RT (x86).ActiveCfg = Debug|TwinCAT RT (x86)
		{EB2B7363-BA27-4DF0-A1BF-6D68626C2DC6}.Release|TwinCAT CE7 (ARMV7).ActiveCfg = Release|TwinCAT CE7 (ARMV7)
		{EB2B7363-BA27-4DF0-A1BF-6D68626C2DC6}.Release|TwinCAT RT (x64).ActiveCfg = Release|TwinCAT RT (x64)
		{EB2B7363-BA27-4DF0-A1BF-6D68626C2DC6}.Release|TwinCAT RT (x86).ActiveCfg = Release|TwinCAT RT (x86)
		{97152232-4FF9-4B98-9749-B0979F2ED43C}.Debug|TwinCAT CE7 (ARMV7).ActiveCfg = Debug|TwinCAT CE7 (ARMV7)
		{97152232-4FF9-4B98-9749-B0979F2ED43C}.Debug|TwinCAT CE7 (ARMV7).Build.0 = Debug|TwinCAT CE7 (ARMV7)
		{97152232-4FF9-4B98-9749-B0979F2ED43C}.Debug|TwinCAT RT (x64).ActiveCfg = Debug|TwinCAT RT (x64)
		{97152232-4FF9-4B98-9749-B0979F2ED43C}.Debug|TwinCAT RT (x64).Build.0 = Debug|TwinCAT RT (x64)
		{97152232-4FF9-4B98-9749-B0979F2ED43C}.Debug|TwinCAT RT (x86).ActiveCfg = Debug|TwinCAT RT (x86)
		{97152232-4FF9-4B98-9749-B0979F2ED43C}.Debug|TwinCAT RT (x86).Build.0 = Debug|TwinCAT RT (x86)
		{97152232-4FF9-4B98-9749-B0979F2ED43C}.Release|TwinCAT CE7 (ARMV7).ActiveCfg = Release|TwinCAT CE7 (ARMV7)
		{97152232-4FF9-4B98-9749-B0979F2ED43C}.Release|TwinCAT CE7 (ARMV7).Build.0 = Release|TwinCAT CE7 (ARMV7)
		{97152232-4FF9-4B98-9749-B0979F2ED43C}.Release|TwinCAT RT (x64).ActiveCfg = Release|TwinCAT RT (x64)
		{97152232-4FF9-4B98-9749-B0979F2ED43C}.Release|TwinCAT RT (x64).Build.0 = Release|TwinCAT RT (x64)
		{97152232-4FF9-4B98-9749-B0979F2ED43C}.Release|TwinCAT RT (x86).ActiveCfg = Release|TwinCAT RT (x86)
		{97152232-4FF9-4B98-9749-B0979F2ED43C}.Release|TwinCAT RT (x86).Build.0 = Release|TwinCAT RT (x86)
	EndGlobalSection
	GlobalSection(SolutionProperties) = preSolution
		HideSolutionNode = FALSE
	EndGlobalSection
	GlobalSection(ExtensibilityGlobals) = postSolution
		SolutionGuid = {F6816E19-F9E7-4C59-A4B6-F66FC158D44A}
	EndGlobalSection
EndGlobal
