
Microsoft Visual Studio Solution File, Format Version 12.00
# Visual Studio Version 16
VisualStudioVersion = 16.0.32413.511
MinimumVisualStudioVersion = 10.0.40219.1
Project("{B1E792BE-AA5F-4E3C-8C82-674BF9C0715B}") = "TcSocketHelper_MultiClientBinary", "TcSocketHelper_MultiClientBinary\TcSocketHelper_MultiClientBinary.tsproj", "{226F7CF9-2A98-4D2E-A28B-1ADB36BC338F}"
EndProject
Global
	GlobalSection(SolutionConfigurationPlatforms) = preSolution
		Debug|TwinCAT CE7 (ARMV7) = Debug|TwinCAT CE7 (ARMV7)
		Debug|TwinCAT RT (x64) = Debug|TwinCAT RT (x64)
		Debug|TwinCAT RT (x86) = Debug|TwinCAT RT (x86)
		Release|TwinCAT CE7 (ARMV7) = Release|TwinCAT CE7 (ARMV7)
		Release|TwinCAT RT (x64) = Release|TwinCAT RT (x64)
		Release|TwinCAT RT (x86) = Release|TwinCAT RT (x86)
	EndGlobalSection
	GlobalSection(ProjectConfigurationPlatforms) = postSolution
		{226F7CF9-2A98-4D2E-A28B-1ADB36BC338F}.Debug|TwinCAT CE7 (ARMV7).ActiveCfg = Debug|TwinCAT CE7 (ARMV7)
		{226F7CF9-2A98-4D2E-A28B-1ADB36BC338F}.Debug|TwinCAT RT (x64).ActiveCfg = Debug|TwinCAT RT (x64)
		{226F7CF9-2A98-4D2E-A28B-1ADB36BC338F}.Debug|TwinCAT RT (x86).ActiveCfg = Debug|TwinCAT RT (x86)
		{226F7CF9-2A98-4D2E-A28B-1ADB36BC338F}.Release|TwinCAT CE7 (ARMV7).ActiveCfg = Release|TwinCAT CE7 (ARMV7)
		{226F7CF9-2A98-4D2E-A28B-1ADB36BC338F}.Release|TwinCAT RT (x64).ActiveCfg = Release|TwinCAT RT (x64)
		{226F7CF9-2A98-4D2E-A28B-1ADB36BC338F}.Release|TwinCAT RT (x86).ActiveCfg = Release|TwinCAT RT (x86)
		{7C907FC4-86DD-4A33-B604-CACC8817766D}.Debug|TwinCAT CE7 (ARMV7).ActiveCfg = Debug|TwinCAT CE7 (ARMV7)
		{7C907FC4-86DD-4A33-B604-CACC8817766D}.Debug|TwinCAT CE7 (ARMV7).Build.0 = Debug|TwinCAT CE7 (ARMV7)
		{7C907FC4-86DD-4A33-B604-CACC8817766D}.Debug|TwinCAT RT (x64).ActiveCfg = Debug|TwinCAT RT (x64)
		{7C907FC4-86DD-4A33-B604-CACC8817766D}.Debug|TwinCAT RT (x64).Build.0 = Debug|TwinCAT RT (x64)
		{7C907FC4-86DD-4A33-B604-CACC8817766D}.Debug|TwinCAT RT (x86).ActiveCfg = Debug|TwinCAT RT (x86)
		{7C907FC4-86DD-4A33-B604-CACC8817766D}.Debug|TwinCAT RT (x86).Build.0 = Debug|TwinCAT RT (x86)
		{7C907FC4-86DD-4A33-B604-CACC8817766D}.Release|TwinCAT CE7 (ARMV7).ActiveCfg = Release|TwinCAT CE7 (ARMV7)
		{7C907FC4-86DD-4A33-B604-CACC8817766D}.Release|TwinCAT CE7 (ARMV7).Build.0 = Release|TwinCAT CE7 (ARMV7)
		{7C907FC4-86DD-4A33-B604-CACC8817766D}.Release|TwinCAT RT (x64).ActiveCfg = Release|TwinCAT RT (x64)
		{7C907FC4-86DD-4A33-B604-CACC8817766D}.Release|TwinCAT RT (x64).Build.0 = Release|TwinCAT RT (x64)
		{7C907FC4-86DD-4A33-B604-CACC8817766D}.Release|TwinCAT RT (x86).ActiveCfg = Release|TwinCAT RT (x86)
		{7C907FC4-86DD-4A33-B604-CACC8817766D}.Release|TwinCAT RT (x86).Build.0 = Release|TwinCAT RT (x86)
	EndGlobalSection
	GlobalSection(SolutionProperties) = preSolution
		HideSolutionNode = FALSE
	EndGlobalSection
	GlobalSection(ExtensibilityGlobals) = postSolution
		SolutionGuid = {9EC8E757-6654-4173-843A-0439AC0A692D}
	EndGlobalSection
EndGlobal
