
Microsoft Visual Studio Solution File, Format Version 12.00
# Visual Studio Version 16
VisualStudioVersion = 16.0.32413.511
MinimumVisualStudioVersion = 10.0.40219.1
Project("{B1E792BE-AA5F-4E3C-8C82-674BF9C0715B}") = "TcpIp_SERVER", "TcpIp_SERVER\TcpIp_SERVER.tsproj", "{A7E7D342-EFCA-4ECD-92F3-22893BAA6E07}"
EndProject
Global
	GlobalSection(SolutionConfigurationPlatforms) = preSolution
		Debug|TwinCAT CE7 (ARMV7) = Debug|TwinCAT CE7 (ARMV7)
		Debug|TwinCAT RT (x64) = Debug|TwinCAT RT (x64)
		Debug|TwinCAT RT (x86) = Debug|TwinCAT RT (x86)
		Release|TwinCAT CE7 (ARMV7) = Release|TwinCAT CE7 (ARMV7)
		Release|TwinCAT RT (x64) = Release|TwinCAT RT (x64)
		Release|TwinCAT RT (x86) = Release|TwinCAT RT (x86)
	EndGlobalSection
	GlobalSection(ProjectConfigurationPlatforms) = postSolution
		{A7E7D342-EFCA-4ECD-92F3-22893BAA6E07}.Debug|TwinCAT CE7 (ARMV7).ActiveCfg = Debug|TwinCAT CE7 (ARMV7)
		{A7E7D342-EFCA-4ECD-92F3-22893BAA6E07}.Debug|TwinCAT RT (x64).ActiveCfg = Debug|TwinCAT RT (x64)
		{A7E7D342-EFCA-4ECD-92F3-22893BAA6E07}.Debug|TwinCAT RT (x86).ActiveCfg = Debug|TwinCAT RT (x86)
		{A7E7D342-EFCA-4ECD-92F3-22893BAA6E07}.Release|TwinCAT CE7 (ARMV7).ActiveCfg = Release|TwinCAT CE7 (ARMV7)
		{A7E7D342-EFCA-4ECD-92F3-22893BAA6E07}.Release|TwinCAT RT (x64).ActiveCfg = Release|TwinCAT RT (x64)
		{A7E7D342-EFCA-4ECD-92F3-22893BAA6E07}.Release|TwinCAT RT (x86).ActiveCfg = Release|TwinCAT RT (x86)
		{25F29119-B9CB-44EC-B02C-AA566DBF872A}.Debug|TwinCAT CE7 (ARMV7).ActiveCfg = Debug|TwinCAT CE7 (ARMV7)
		{25F29119-B9CB-44EC-B02C-AA566DBF872A}.Debug|TwinCAT CE7 (ARMV7).Build.0 = Debug|TwinCAT CE7 (ARMV7)
		{25F29119-B9CB-44EC-B02C-AA566DBF872A}.Debug|TwinCAT RT (x64).ActiveCfg = Debug|TwinCAT RT (x64)
		{25F29119-B9CB-44EC-B02C-AA566DBF872A}.Debug|TwinCAT RT (x64).Build.0 = Debug|TwinCAT RT (x64)
		{25F29119-B9CB-44EC-B02C-AA566DBF872A}.Debug|TwinCAT RT (x86).ActiveCfg = Debug|TwinCAT RT (x86)
		{25F29119-B9CB-44EC-B02C-AA566DBF872A}.Debug|TwinCAT RT (x86).Build.0 = Debug|TwinCAT RT (x86)
		{25F29119-B9CB-44EC-B02C-AA566DBF872A}.Release|TwinCAT CE7 (ARMV7).ActiveCfg = Release|TwinCAT CE7 (ARMV7)
		{25F29119-B9CB-44EC-B02C-AA566DBF872A}.Release|TwinCAT CE7 (ARMV7).Build.0 = Release|TwinCAT CE7 (ARMV7)
		{25F29119-B9CB-44EC-B02C-AA566DBF872A}.Release|TwinCAT RT (x64).ActiveCfg = Release|TwinCAT RT (x64)
		{25F29119-B9CB-44EC-B02C-AA566DBF872A}.Release|TwinCAT RT (x64).Build.0 = Release|TwinCAT RT (x64)
		{25F29119-B9CB-44EC-B02C-AA566DBF872A}.Release|TwinCAT RT (x86).ActiveCfg = Release|TwinCAT RT (x86)
		{25F29119-B9CB-44EC-B02C-AA566DBF872A}.Release|TwinCAT RT (x86).Build.0 = Release|TwinCAT RT (x86)
	EndGlobalSection
	GlobalSection(SolutionProperties) = preSolution
		HideSolutionNode = FALSE
	EndGlobalSection
	GlobalSection(ExtensibilityGlobals) = postSolution
		SolutionGuid = {D5F3892A-1C38-4CEF-ACC8-E38C6720D4FF}
	EndGlobalSection
EndGlobal
