
Microsoft Visual Studio Solution File, Format Version 11.00
# Visual Studio 2010
Project("{B1E792BE-AA5F-4E3C-8C82-674BF9C0715B}") = "TcpIp_SERVER", "TcpIp_SERVER\TcpIp_SERVER.tsproj", "{A7E7D342-EFCA-4ECD-92F3-22893BAA6E07}"
EndProject
Project("{2150E333-8FDC-42A3-9474-1A3956D46DE8}") = "Solution Items", "Solution Items", "{EB45E78F-7E9E-4B74-A08B-FF7C8F28937A}"
	ProjectSection(SolutionItems) = preProject
		TcpIp_SERVER\TcpIp_SERVER.tpzip = TcpIp_SERVER\TcpIp_SERVER.tpzip
	EndProjectSection
EndProject
Global
	GlobalSection(TeamFoundationVersionControl) = preSolution
		SccNumberOfProjects = 3
		SccEnterpriseProvider = {4CA58AB2-18FA-4F8D-95D4-32DDF27D184C}
		SccTeamFoundationServer = http://nt-teamfd01:8080/
		SccLocalPath0 = .
		SccProjectUniqueName1 = TcpIp_SERVER\\TcpIp_SERVER.tsproj
		SccProjectName1 = TcpIp_SERVER
		SccLocalPath1 = TcpIp_SERVER
		SccProjectUniqueName2 = TcpIp_SERVER\\TcpIp_SERVER\\TcpIp_SERVER.plcproj
		SccProjectTopLevelParentUniqueName2 = TcpIp_SERVER\\TcpIp_SERVER.tsproj
		SccProjectName2 = TcpIp_SERVER/TcpIp_SERVER
		SccLocalPath2 = TcpIp_SERVER\\TcpIp_SERVER
	EndGlobalSection
	GlobalSection(SolutionConfigurationPlatforms) = preSolution
		Debug|TwinCAT CE7 (ARMV7) = Debug|TwinCAT CE7 (ARMV7)
		Debug|TwinCAT RT (x64) = Debug|TwinCAT RT (x64)
		Debug|TwinCAT RT (x86) = Debug|TwinCAT RT (x86)
		Release|TwinCAT CE7 (ARMV7) = Release|TwinCAT CE7 (ARMV7)
		Release|TwinCAT RT (x64) = Release|TwinCAT RT (x64)
		Release|TwinCAT RT (x86) = Release|TwinCAT RT (x86)
	EndGlobalSection
	GlobalSection(ProjectConfigurationPlatforms) = postSolution
		{A7E7D342-EFCA-4ECD-92F3-22893BAA6E07}.Debug|TwinCAT CE7 (ARMV7).ActiveCfg = Debug|TwinCAT CE7 (ARMV7)
		{A7E7D342-EFCA-4ECD-92F3-22893BAA6E07}.Debug|TwinCAT RT (x64).ActiveCfg = Debug|TwinCAT RT (x64)
		{A7E7D342-EFCA-4ECD-92F3-22893BAA6E07}.Debug|TwinCAT RT (x86).ActiveCfg = Debug|TwinCAT RT (x86)
		{A7E7D342-EFCA-4ECD-92F3-22893BAA6E07}.Release|TwinCAT CE7 (ARMV7).ActiveCfg = Release|TwinCAT CE7 (ARMV7)
		{A7E7D342-EFCA-4ECD-92F3-22893BAA6E07}.Release|TwinCAT RT (x64).ActiveCfg = Release|TwinCAT RT (x64)
		{A7E7D342-EFCA-4ECD-92F3-22893BAA6E07}.Release|TwinCAT RT (x86).ActiveCfg = Release|TwinCAT RT (x86)
		{25F29119-B9CB-44EC-B02C-AA566DBF872A}.Debug|TwinCAT CE7 (ARMV7).ActiveCfg = Debug|TwinCAT CE7 (ARMV7)
		{25F29119-B9CB-44EC-B02C-AA566DBF872A}.Debug|TwinCAT CE7 (ARMV7).Build.0 = Debug|TwinCAT CE7 (ARMV7)
		{25F29119-B9CB-44EC-B02C-AA566DBF872A}.Debug|TwinCAT RT (x64).ActiveCfg = Debug|TwinCAT RT (x64)
		{25F29119-B9CB-44EC-B02C-AA566DBF872A}.Debug|TwinCAT RT (x64).Build.0 = Debug|TwinCAT RT (x64)
		{25F29119-B9CB-44EC-B02C-AA566DBF872A}.Debug|TwinCAT RT (x86).ActiveCfg = Debug|TwinCAT RT (x86)
		{25F29119-B9CB-44EC-B02C-AA566DBF872A}.Debug|TwinCAT RT (x86).Build.0 = Debug|TwinCAT RT (x86)
		{25F29119-B9CB-44EC-B02C-AA566DBF872A}.Release|TwinCAT CE7 (ARMV7).ActiveCfg = Release|TwinCAT CE7 (ARMV7)
		{25F29119-B9CB-44EC-B02C-AA566DBF872A}.Release|TwinCAT CE7 (ARMV7).Build.0 = Release|TwinCAT CE7 (ARMV7)
		{25F29119-B9CB-44EC-B02C-AA566DBF872A}.Release|TwinCAT RT (x64).ActiveCfg = Release|TwinCAT RT (x64)
		{25F29119-B9CB-44EC-B02C-AA566DBF872A}.Release|TwinCAT RT (x64).Build.0 = Release|TwinCAT RT (x64)
		{25F29119-B9CB-44EC-B02C-AA566DBF872A}.Release|TwinCAT RT (x86).ActiveCfg = Release|TwinCAT RT (x86)
		{25F29119-B9CB-44EC-B02C-AA566DBF872A}.Release|TwinCAT RT (x86).Build.0 = Release|TwinCAT RT (x86)
	EndGlobalSection
	GlobalSection(SolutionProperties) = preSolution
		HideSolutionNode = FALSE
	EndGlobalSection
EndGlobal
