
Microsoft Visual Studio Solution File, Format Version 11.00
# Visual Studio 2010
Project("{FAE04EC0-301F-11D3-BF4B-00C04F79EFBC}") = "TcpIpServer_SampleClient", "TcpIpServer_SampleClient\TcpIpServer_SampleClient.csproj", "{A9442F53-B22E-4782-9944-F441107F7169}"
EndProject
Global
	GlobalSection(SolutionConfigurationPlatforms) = preSolution
		Debug|x86 = Debug|x86
		Release|x86 = Release|x86
	EndGlobalSection
	GlobalSection(ProjectConfigurationPlatforms) = postSolution
		{A9442F53-B22E-4782-9944-F441107F7169}.Debug|x86.ActiveCfg = Debug|x86
		{A9442F53-B22E-4782-9944-F441107F7169}.Debug|x86.Build.0 = Debug|x86
		{A9442F53-B22E-4782-9944-F441107F7169}.Release|x86.ActiveCfg = Release|x86
		{A9442F53-B22E-4782-9944-F441107F7169}.Release|x86.Build.0 = Release|x86
	EndGlobalSection
	GlobalSection(SolutionProperties) = preSolution
		HideSolutionNode = FALSE
	EndGlobalSection
EndGlobal
