
Microsoft Visual Studio Solution File, Format Version 12.00
# Visual Studio Version 16
VisualStudioVersion = 16.0.32413.511
MinimumVisualStudioVersion = 10.0.40219.1
Project("{B1E792BE-AA5F-4E3C-8C82-674BF9C0715B}") = "UdpMulticastDevice2", "UdpMulticastDevice2\UdpMulticastDevice2.tsproj", "{3F84F674-220B-48E5-9BA8-188A80C3D3B1}"
EndProject
Global
	GlobalSection(SolutionConfigurationPlatforms) = preSolution
		Debug|TwinCAT CE7 (ARMV7) = Debug|TwinCAT CE7 (ARMV7)
		Debug|TwinCAT RT (x64) = Debug|TwinCAT RT (x64)
		Debug|TwinCAT RT (x86) = Debug|TwinCAT RT (x86)
		Release|TwinCAT CE7 (ARMV7) = Release|TwinCAT CE7 (ARMV7)
		Release|TwinCAT RT (x64) = Release|TwinCAT RT (x64)
		Release|TwinCAT RT (x86) = Release|TwinCAT RT (x86)
	EndGlobalSection
	GlobalSection(ProjectConfigurationPlatforms) = postSolution
		{3F84F674-220B-48E5-9BA8-188A80C3D3B1}.Debug|TwinCAT CE7 (ARMV7).ActiveCfg = Debug|TwinCAT CE7 (ARMV7)
		{3F84F674-220B-48E5-9BA8-188A80C3D3B1}.Debug|TwinCAT RT (x64).ActiveCfg = Debug|TwinCAT RT (x64)
		{3F84F674-220B-48E5-9BA8-188A80C3D3B1}.Debug|TwinCAT RT (x86).ActiveCfg = Debug|TwinCAT RT (x86)
		{3F84F674-220B-48E5-9BA8-188A80C3D3B1}.Release|TwinCAT CE7 (ARMV7).ActiveCfg = Release|TwinCAT CE7 (ARMV7)
		{3F84F674-220B-48E5-9BA8-188A80C3D3B1}.Release|TwinCAT RT (x64).ActiveCfg = Release|TwinCAT RT (x64)
		{3F84F674-220B-48E5-9BA8-188A80C3D3B1}.Release|TwinCAT RT (x86).ActiveCfg = Release|TwinCAT RT (x86)
		{B2680EB1-BF85-4361-A909-619CAF2119FD}.Debug|TwinCAT CE7 (ARMV7).ActiveCfg = Debug|TwinCAT CE7 (ARMV7)
		{B2680EB1-BF85-4361-A909-619CAF2119FD}.Debug|TwinCAT CE7 (ARMV7).Build.0 = Debug|TwinCAT CE7 (ARMV7)
		{B2680EB1-BF85-4361-A909-619CAF2119FD}.Debug|TwinCAT RT (x64).ActiveCfg = Debug|TwinCAT RT (x64)
		{B2680EB1-BF85-4361-A909-619CAF2119FD}.Debug|TwinCAT RT (x64).Build.0 = Debug|TwinCAT RT (x64)
		{B2680EB1-BF85-4361-A909-619CAF2119FD}.Debug|TwinCAT RT (x86).ActiveCfg = Debug|TwinCAT RT (x86)
		{B2680EB1-BF85-4361-A909-619CAF2119FD}.Debug|TwinCAT RT (x86).Build.0 = Debug|TwinCAT RT (x86)
		{B2680EB1-BF85-4361-A909-619CAF2119FD}.Release|TwinCAT CE7 (ARMV7).ActiveCfg = Release|TwinCAT CE7 (ARMV7)
		{B2680EB1-BF85-4361-A909-619CAF2119FD}.Release|TwinCAT CE7 (ARMV7).Build.0 = Release|TwinCAT CE7 (ARMV7)
		{B2680EB1-BF85-4361-A909-619CAF2119FD}.Release|TwinCAT RT (x64).ActiveCfg = Release|TwinCAT RT (x64)
		{B2680EB1-BF85-4361-A909-619CAF2119FD}.Release|TwinCAT RT (x64).Build.0 = Release|TwinCAT RT (x64)
		{B2680EB1-BF85-4361-A909-619CAF2119FD}.Release|TwinCAT RT (x86).ActiveCfg = Release|TwinCAT RT (x86)
		{B2680EB1-BF85-4361-A909-619CAF2119FD}.Release|TwinCAT RT (x86).Build.0 = Release|TwinCAT RT (x86)
	EndGlobalSection
	GlobalSection(SolutionProperties) = preSolution
		HideSolutionNode = FALSE
	EndGlobalSection
	GlobalSection(ExtensibilityGlobals) = postSolution
		SolutionGuid = {4D96BE21-5175-4FF6-A465-69FC242DFC45}
	EndGlobalSection
EndGlobal
