
Microsoft Visual Studio Solution File, Format Version 11.00
# Visual Studio 2010
Project("{B1E792BE-AA5F-4E3C-8C82-674BF9C0715B}") = "UdpMulticastDevice2", "UdpMulticastDevice2\UdpMulticastDevice2.tsproj", "{3F84F674-220B-48E5-9BA8-188A80C3D3B1}"
EndProject
Project("{2150E333-8FDC-42A3-9474-1A3956D46DE8}") = "Solution Items", "Solution Items", "{463D7E35-4E27-4087-ADD0-1CFE0045D592}"
	ProjectSection(SolutionItems) = preProject
		UdpMulticastDevice2\UdpMulticastDevice2.tpzip = UdpMulticastDevice2\UdpMulticastDevice2.tpzip
	EndProjectSection
EndProject
Global
	GlobalSection(TeamFoundationVersionControl) = preSolution
		SccNumberOfProjects = 3
		SccEnterpriseProvider = {4CA58AB2-18FA-4F8D-95D4-32DDF27D184C}
		SccTeamFoundationServer = http://nt-teamfd01:8080/
		SccLocalPath0 = .
		SccProjectUniqueName1 = UdpMulticastDevice2\\UdpMulticastDevice2.tsproj
		SccProjectName1 = UdpMulticastDevice2
		SccLocalPath1 = UdpMulticastDevice2
		SccProjectUniqueName2 = UdpMulticastDevice2\\UdpMulticastDevice2\\UdpMulticastDevice2.plcproj
		SccProjectTopLevelParentUniqueName2 = UdpMulticastDevice2\\UdpMulticastDevice2.tsproj
		SccProjectName2 = UdpMulticastDevice2/UdpMulticastDevice2
		SccLocalPath2 = UdpMulticastDevice2\\UdpMulticastDevice2
	EndGlobalSection
	GlobalSection(SolutionConfigurationPlatforms) = preSolution
		Debug|TwinCAT CE7 (ARMV7) = Debug|TwinCAT CE7 (ARMV7)
		Debug|TwinCAT RT (x64) = Debug|TwinCAT RT (x64)
		Debug|TwinCAT RT (x86) = Debug|TwinCAT RT (x86)
		Release|TwinCAT CE7 (ARMV7) = Release|TwinCAT CE7 (ARMV7)
		Release|TwinCAT RT (x64) = Release|TwinCAT RT (x64)
		Release|TwinCAT RT (x86) = Release|TwinCAT RT (x86)
	EndGlobalSection
	GlobalSection(ProjectConfigurationPlatforms) = postSolution
		{3F84F674-220B-48E5-9BA8-188A80C3D3B1}.Debug|TwinCAT CE7 (ARMV7).ActiveCfg = Debug|TwinCAT CE7 (ARMV7)
		{3F84F674-220B-48E5-9BA8-188A80C3D3B1}.Debug|TwinCAT RT (x64).ActiveCfg = Debug|TwinCAT RT (x64)
		{3F84F674-220B-48E5-9BA8-188A80C3D3B1}.Debug|TwinCAT RT (x86).ActiveCfg = Debug|TwinCAT RT (x86)
		{3F84F674-220B-48E5-9BA8-188A80C3D3B1}.Release|TwinCAT CE7 (ARMV7).ActiveCfg = Release|TwinCAT CE7 (ARMV7)
		{3F84F674-220B-48E5-9BA8-188A80C3D3B1}.Release|TwinCAT RT (x64).ActiveCfg = Release|TwinCAT RT (x64)
		{3F84F674-220B-48E5-9BA8-188A80C3D3B1}.Release|TwinCAT RT (x86).ActiveCfg = Release|TwinCAT RT (x86)
		{B2680EB1-BF85-4361-A909-619CAF2119FD}.Debug|TwinCAT CE7 (ARMV7).ActiveCfg = Debug|TwinCAT CE7 (ARMV7)
		{B2680EB1-BF85-4361-A909-619CAF2119FD}.Debug|TwinCAT CE7 (ARMV7).Build.0 = Debug|TwinCAT CE7 (ARMV7)
		{B2680EB1-BF85-4361-A909-619CAF2119FD}.Debug|TwinCAT RT (x64).ActiveCfg = Debug|TwinCAT RT (x64)
		{B2680EB1-BF85-4361-A909-619CAF2119FD}.Debug|TwinCAT RT (x64).Build.0 = Debug|TwinCAT RT (x64)
		{B2680EB1-BF85-4361-A909-619CAF2119FD}.Debug|TwinCAT RT (x86).ActiveCfg = Debug|TwinCAT RT (x86)
		{B2680EB1-BF85-4361-A909-619CAF2119FD}.Debug|TwinCAT RT (x86).Build.0 = Debug|TwinCAT RT (x86)
		{B2680EB1-BF85-4361-A909-619CAF2119FD}.Release|TwinCAT CE7 (ARMV7).ActiveCfg = Release|TwinCAT CE7 (ARMV7)
		{B2680EB1-BF85-4361-A909-619CAF2119FD}.Release|TwinCAT CE7 (ARMV7).Build.0 = Release|TwinCAT CE7 (ARMV7)
		{B2680EB1-BF85-4361-A909-619CAF2119FD}.Release|TwinCAT RT (x64).ActiveCfg = Release|TwinCAT RT (x64)
		{B2680EB1-BF85-4361-A909-619CAF2119FD}.Release|TwinCAT RT (x64).Build.0 = Release|TwinCAT RT (x64)
		{B2680EB1-BF85-4361-A909-619CAF2119FD}.Release|TwinCAT RT (x86).ActiveCfg = Release|TwinCAT RT (x86)
		{B2680EB1-BF85-4361-A909-619CAF2119FD}.Release|TwinCAT RT (x86).Build.0 = Release|TwinCAT RT (x86)
	EndGlobalSection
	GlobalSection(SolutionProperties) = preSolution
		HideSolutionNode = FALSE
	EndGlobalSection
EndGlobal
