
Microsoft Visual Studio Solution File, Format Version 11.00
# Visual Studio 2010
Project("{B1E792BE-AA5F-4E3C-8C82-674BF9C0715B}") = "TcSocketHelper_MultiClientString", "TcSocketHelper_MultiClientString\TcSocketHelper_MultiClientString.tsproj", "{AED5B2EE-7272-413E-990B-A5A954D4D49E}"
EndProject
Project("{2150E333-8FDC-42A3-9474-1A3956D46DE8}") = "Solution Items", "Solution Items", "{6D36F02C-22D0-4B26-A9AB-75B1F2E9F4B8}"
	ProjectSection(SolutionItems) = preProject
		TcSocketHelper_MultiClientString\TcSocketHelper_MultiClientString.tpzip = TcSocketHelper_MultiClientString\TcSocketHelper_MultiClientString.tpzip
	EndProjectSection
EndProject
Global
	GlobalSection(TeamFoundationVersionControl) = preSolution
		SccNumberOfProjects = 3
		SccEnterpriseProvider = {4CA58AB2-18FA-4F8D-95D4-32DDF27D184C}
		SccTeamFoundationServer = http://nt-teamfd01:8080/
		SccLocalPath0 = .
		SccProjectUniqueName1 = TcSocketHelper_MultiClientString\\TcSocketHelper_MultiClientString.tsproj
		SccProjectName1 = TcSocketHelper_MultiClientString
		SccLocalPath1 = TcSocketHelper_MultiClientString
		SccProjectUniqueName2 = TcSocketHelper_MultiClientString\\TcSocketHelper_MultiClientString\\TcSocketHelper_MultiClientString.plcproj
		SccProjectTopLevelParentUniqueName2 = TcSocketHelper_MultiClientString\\TcSocketHelper_MultiClientString.tsproj
		SccProjectName2 = TcSocketHelper_MultiClientString/TcSocketHelper_MultiClientString
		SccLocalPath2 = TcSocketHelper_MultiClientString\\TcSocketHelper_MultiClientString
	EndGlobalSection
	GlobalSection(SolutionConfigurationPlatforms) = preSolution
		Debug|TwinCAT CE7 (ARMV7) = Debug|TwinCAT CE7 (ARMV7)
		Debug|TwinCAT RT (x64) = Debug|TwinCAT RT (x64)
		Debug|TwinCAT RT (x86) = Debug|TwinCAT RT (x86)
		Release|TwinCAT CE7 (ARMV7) = Release|TwinCAT CE7 (ARMV7)
		Release|TwinCAT RT (x64) = Release|TwinCAT RT (x64)
		Release|TwinCAT RT (x86) = Release|TwinCAT RT (x86)
	EndGlobalSection
	GlobalSection(ProjectConfigurationPlatforms) = postSolution
		{AED5B2EE-7272-413E-990B-A5A954D4D49E}.Debug|TwinCAT CE7 (ARMV7).ActiveCfg = Debug|TwinCAT CE7 (ARMV7)
		{AED5B2EE-7272-413E-990B-A5A954D4D49E}.Debug|TwinCAT RT (x64).ActiveCfg = Debug|TwinCAT RT (x64)
		{AED5B2EE-7272-413E-990B-A5A954D4D49E}.Debug|TwinCAT RT (x86).ActiveCfg = Debug|TwinCAT RT (x86)
		{AED5B2EE-7272-413E-990B-A5A954D4D49E}.Release|TwinCAT CE7 (ARMV7).ActiveCfg = Release|TwinCAT CE7 (ARMV7)
		{AED5B2EE-7272-413E-990B-A5A954D4D49E}.Release|TwinCAT RT (x64).ActiveCfg = Release|TwinCAT RT (x64)
		{AED5B2EE-7272-413E-990B-A5A954D4D49E}.Release|TwinCAT RT (x86).ActiveCfg = Release|TwinCAT RT (x86)
		{B6ED4638-E255-4E49-863E-70816C12EAA6}.Debug|TwinCAT CE7 (ARMV7).ActiveCfg = Debug|TwinCAT CE7 (ARMV7)
		{B6ED4638-E255-4E49-863E-70816C12EAA6}.Debug|TwinCAT CE7 (ARMV7).Build.0 = Debug|TwinCAT CE7 (ARMV7)
		{B6ED4638-E255-4E49-863E-70816C12EAA6}.Debug|TwinCAT RT (x64).ActiveCfg = Debug|TwinCAT RT (x64)
		{B6ED4638-E255-4E49-863E-70816C12EAA6}.Debug|TwinCAT RT (x64).Build.0 = Debug|TwinCAT RT (x64)
		{B6ED4638-E255-4E49-863E-70816C12EAA6}.Debug|TwinCAT RT (x86).ActiveCfg = Debug|TwinCAT RT (x86)
		{B6ED4638-E255-4E49-863E-70816C12EAA6}.Debug|TwinCAT RT (x86).Build.0 = Debug|TwinCAT RT (x86)
		{B6ED4638-E255-4E49-863E-70816C12EAA6}.Release|TwinCAT CE7 (ARMV7).ActiveCfg = Release|TwinCAT CE7 (ARMV7)
		{B6ED4638-E255-4E49-863E-70816C12EAA6}.Release|TwinCAT CE7 (ARMV7).Build.0 = Release|TwinCAT CE7 (ARMV7)
		{B6ED4638-E255-4E49-863E-70816C12EAA6}.Release|TwinCAT RT (x64).ActiveCfg = Release|TwinCAT RT (x64)
		{B6ED4638-E255-4E49-863E-70816C12EAA6}.Release|TwinCAT RT (x64).Build.0 = Release|TwinCAT RT (x64)
		{B6ED4638-E255-4E49-863E-70816C12EAA6}.Release|TwinCAT RT (x86).ActiveCfg = Release|TwinCAT RT (x86)
		{B6ED4638-E255-4E49-863E-70816C12EAA6}.Release|TwinCAT RT (x86).Build.0 = Release|TwinCAT RT (x86)
	EndGlobalSection
	GlobalSection(SolutionProperties) = preSolution
		HideSolutionNode = FALSE
	EndGlobalSection
EndGlobal
