
Microsoft Visual Studio Solution File, Format Version 12.00
# Visual Studio Version 16
VisualStudioVersion = 16.0.32413.511
MinimumVisualStudioVersion = 10.0.40219.1
Project("{B1E792BE-AA5F-4E3C-8C82-674BF9C0715B}") = "TcSocketHelper_MultiClientString", "TcSocketHelper_MultiClientString\TcSocketHelper_MultiClientString.tsproj", "{AED5B2EE-7272-413E-990B-A5A954D4D49E}"
EndProject
Global
	GlobalSection(SolutionConfigurationPlatforms) = preSolution
		Debug|TwinCAT CE7 (ARMV7) = Debug|TwinCAT CE7 (ARMV7)
		Debug|TwinCAT RT (x64) = Debug|TwinCAT RT (x64)
		Debug|TwinCAT RT (x86) = Debug|TwinCAT RT (x86)
		Release|TwinCAT CE7 (ARMV7) = Release|TwinCAT CE7 (ARMV7)
		Release|TwinCAT RT (x64) = Release|TwinCAT RT (x64)
		Release|TwinCAT RT (x86) = Release|TwinCAT RT (x86)
	EndGlobalSection
	GlobalSection(ProjectConfigurationPlatforms) = postSolution
		{AED5B2EE-7272-413E-990B-A5A954D4D49E}.Debug|TwinCAT CE7 (ARMV7).ActiveCfg = Debug|TwinCAT CE7 (ARMV7)
		{AED5B2EE-7272-413E-990B-A5A954D4D49E}.Debug|TwinCAT RT (x64).ActiveCfg = Debug|TwinCAT RT (x64)
		{AED5B2EE-7272-413E-990B-A5A954D4D49E}.Debug|TwinCAT RT (x86).ActiveCfg = Debug|TwinCAT RT (x86)
		{AED5B2EE-7272-413E-990B-A5A954D4D49E}.Release|TwinCAT CE7 (ARMV7).ActiveCfg = Release|TwinCAT CE7 (ARMV7)
		{AED5B2EE-7272-413E-990B-A5A954D4D49E}.Release|TwinCAT RT (x64).ActiveCfg = Release|TwinCAT RT (x64)
		{AED5B2EE-7272-413E-990B-A5A954D4D49E}.Release|TwinCAT RT (x86).ActiveCfg = Release|TwinCAT RT (x86)
		{B6ED4638-E255-4E49-863E-70816C12EAA6}.Debug|TwinCAT CE7 (ARMV7).ActiveCfg = Debug|TwinCAT CE7 (ARMV7)
		{B6ED4638-E255-4E49-863E-70816C12EAA6}.Debug|TwinCAT CE7 (ARMV7).Build.0 = Debug|TwinCAT CE7 (ARMV7)
		{B6ED4638-E255-4E49-863E-70816C12EAA6}.Debug|TwinCAT RT (x64).ActiveCfg = Debug|TwinCAT RT (x64)
		{B6ED4638-E255-4E49-863E-70816C12EAA6}.Debug|TwinCAT RT (x64).Build.0 = Debug|TwinCAT RT (x64)
		{B6ED4638-E255-4E49-863E-70816C12EAA6}.Debug|TwinCAT RT (x86).ActiveCfg = Debug|TwinCAT RT (x86)
		{B6ED4638-E255-4E49-863E-70816C12EAA6}.Debug|TwinCAT RT (x86).Build.0 = Debug|TwinCAT RT (x86)
		{B6ED4638-E255-4E49-863E-70816C12EAA6}.Release|TwinCAT CE7 (ARMV7).ActiveCfg = Release|TwinCAT CE7 (ARMV7)
		{B6ED4638-E255-4E49-863E-70816C12EAA6}.Release|TwinCAT CE7 (ARMV7).Build.0 = Release|TwinCAT CE7 (ARMV7)
		{B6ED4638-E255-4E49-863E-70816C12EAA6}.Release|TwinCAT RT (x64).ActiveCfg = Release|TwinCAT RT (x64)
		{B6ED4638-E255-4E49-863E-70816C12EAA6}.Release|TwinCAT RT (x64).Build.0 = Release|TwinCAT RT (x64)
		{B6ED4638-E255-4E49-863E-70816C12EAA6}.Release|TwinCAT RT (x86).ActiveCfg = Release|TwinCAT RT (x86)
		{B6ED4638-E255-4E49-863E-70816C12EAA6}.Release|TwinCAT RT (x86).Build.0 = Release|TwinCAT RT (x86)
	EndGlobalSection
	GlobalSection(SolutionProperties) = preSolution
		HideSolutionNode = FALSE
	EndGlobalSection
	GlobalSection(ExtensibilityGlobals) = postSolution
		SolutionGuid = {E214121E-E194-4EF0-B769-B2FCD65038B6}
	EndGlobalSection
EndGlobal
